
Microsoft Visual Studio Solution File, Format Version 12.00
# Visual Studio Version 16
VisualStudioVersion = 16.0.29609.76
MinimumVisualStudioVersion = 10.0.40219.1
Project("{9A19103F-16F7-4668-BE54-9A1E7A4F7556}") = "ATL.View", "ATL.View\ATL.View.csproj", "{021EECE2-A312-4040-84B3-AE1ACB8A9994}"
EndProject
Project("{9A19103F-16F7-4668-BE54-9A1E7A4F7556}") = "ATL.Model", "ATL.Model\ATL.Model.csproj", "{2C195C28-CD43-4950-89D8-BEC3B2C8FD1D}"
EndProject
Project("{9A19103F-16F7-4668-BE54-9A1E7A4F7556}") = "ATL.Model_UnitTest", "ATL.Model_UnitTest\ATL.Model_UnitTest.csproj", "{5B250137-4AD5-420A-944E-92CB029E9284}"
EndProject
Project("{FAE04EC0-301F-11D3-BF4B-00C04F79EFBC}") = "ATL.IntegrationTest", "ATL.IntegrationTest\ATL.IntegrationTest.csproj", "{BB7AB33C-A822-4AC4-9DF6-B31FD88EFAD3}"
EndProject
Global
	GlobalSection(SolutionConfigurationPlatforms) = preSolution
		Debug|Any CPU = Debug|Any CPU
		Release|Any CPU = Release|Any CPU
	EndGlobalSection
	GlobalSection(ProjectConfigurationPlatforms) = postSolution
		{021EECE2-A312-4040-84B3-AE1ACB8A9994}.Debug|Any CPU.ActiveCfg = Debug|Any CPU
		{021EECE2-A312-4040-84B3-AE1ACB8A9994}.Debug|Any CPU.Build.0 = Debug|Any CPU
		{021EECE2-A312-4040-84B3-AE1ACB8A9994}.Release|Any CPU.ActiveCfg = Release|Any CPU
		{021EECE2-A312-4040-84B3-AE1ACB8A9994}.Release|Any CPU.Build.0 = Release|Any CPU
		{2C195C28-CD43-4950-89D8-BEC3B2C8FD1D}.Debug|Any CPU.ActiveCfg = Debug|Any CPU
		{2C195C28-CD43-4950-89D8-BEC3B2C8FD1D}.Debug|Any CPU.Build.0 = Debug|Any CPU
		{2C195C28-CD43-4950-89D8-BEC3B2C8FD1D}.Release|Any CPU.ActiveCfg = Release|Any CPU
		{2C195C28-CD43-4950-89D8-BEC3B2C8FD1D}.Release|Any CPU.Build.0 = Release|Any CPU
		{5B250137-4AD5-420A-944E-92CB029E9284}.Debug|Any CPU.ActiveCfg = Debug|Any CPU
		{5B250137-4AD5-420A-944E-92CB029E9284}.Debug|Any CPU.Build.0 = Debug|Any CPU
		{5B250137-4AD5-420A-944E-92CB029E9284}.Release|Any CPU.ActiveCfg = Release|Any CPU
		{5B250137-4AD5-420A-944E-92CB029E9284}.Release|Any CPU.Build.0 = Release|Any CPU
		{BB7AB33C-A822-4AC4-9DF6-B31FD88EFAD3}.Debug|Any CPU.ActiveCfg = Debug|Any CPU
		{BB7AB33C-A822-4AC4-9DF6-B31FD88EFAD3}.Debug|Any CPU.Build.0 = Debug|Any CPU
		{BB7AB33C-A822-4AC4-9DF6-B31FD88EFAD3}.Release|Any CPU.ActiveCfg = Release|Any CPU
		{BB7AB33C-A822-4AC4-9DF6-B31FD88EFAD3}.Release|Any CPU.Build.0 = Release|Any CPU
	EndGlobalSection
	GlobalSection(SolutionProperties) = preSolution
		HideSolutionNode = FALSE
	EndGlobalSection
	GlobalSection(ExtensibilityGlobals) = postSolution
		SolutionGuid = {E38423AF-0DCF-4C2C-B42C-FB51CBB352A9}
	EndGlobalSection
EndGlobal
